{
  "requires": true,
  "lockfileVersion": 1,
  "dependencies": {
    "@euriklis/message": {
      "version": "1.1.1",
      "resolved": "https://registry.npmjs.org/@euriklis/message/-/message-1.1.1.tgz",
      "integrity": "sha512-pZjN22lbRVR+tbienTjlkztmOzBx1rtPN1a37K7HSOdvZU6cLW0YQgepBWILh3fvyBEYFF2rMU+BH79qxb8FRA=="
    },
    "@euriklis/sortlib": {
      "version": "1.0.3",
      "resolved": "https://registry.npmjs.org/@euriklis/sortlib/-/sortlib-1.0.3.tgz",
      "integrity": "sha512-rDfAT0I83e/p2q01IWMQsDndxZYeAlHz2m0ztAYRcI8g3Y+Ei1N3Ckg/Uuz8cfpg0NG890e9mqnyIvrQaQKzJw==",
      "requires": {
        "@euriklis/message": "^1.1.1",
        "@euriklis/validator": "^1.0.4"
      }
    },
    "@euriklis/validator": {
      "version": "1.0.6",
      "resolved": "https://registry.npmjs.org/@euriklis/validator/-/validator-1.0.6.tgz",
      "integrity": "sha512-Pb6xgwp8QJzY2mrDyMfYh+T2d8fPyfhLhSO1GeEXlyh/khyyAyTGdrAfG82ULG6HAe9K/O2PsjAtJ7qU3lk6Yg=="
    }
  }
}
